
Microsoft Visual Studio Solution File, Format Version 12.00
# Visual Studio Version 17
VisualStudioVersion = 17.3.32804.467
MinimumVisualStudioVersion = 10.0.40219.1
Project("{FAE04EC0-301F-11D3-BF4B-00C04F79EFBC}") = "floatnumbers", "floatnumbers.csproj", "{E1931254-3475-4141-8AA9-2B85906B6AFB}"
EndProject
Global
	GlobalSection(SolutionConfigurationPlatforms) = preSolution
		Debug|Any CPU = Debug|Any CPU
		Release|Any CPU = Release|Any CPU
	EndGlobalSection
	GlobalSection(ProjectConfigurationPlatforms) = postSolution
		{E1931254-3475-4141-8AA9-2B85906B6AFB}.Debug|Any CPU.ActiveCfg = Debug|Any CPU
		{E1931254-3475-4141-8AA9-2B85906B6AFB}.Debug|Any CPU.Build.0 = Debug|Any CPU
		{E1931254-3475-4141-8AA9-2B85906B6AFB}.Release|Any CPU.ActiveCfg = Release|Any CPU
		{E1931254-3475-4141-8AA9-2B85906B6AFB}.Release|Any CPU.Build.0 = Release|Any CPU
	EndGlobalSection
	GlobalSection(SolutionProperties) = preSolution
		HideSolutionNode = FALSE
	EndGlobalSection
	GlobalSection(ExtensibilityGlobals) = postSolution
		SolutionGuid = {CADCECFE-50A6-4AEA-A8B0-4D5A5E1143EA}
	EndGlobalSection
EndGlobal
